
Microsoft Visual Studio Solution File, Format Version 12.00
# Visual Studio 15
VisualStudioVersion = 15.0.28010.2036
MinimumVisualStudioVersion = 10.0.40219.1
Project("{FAE04EC0-301F-11D3-BF4B-00C04F79EFBC}") = "MainProjectNew", "MainProjectNew\MainProjectNew.csproj", "{AC74C582-C43E-4B04-A5AF-6C12965A2E52}"
EndProject
Global
	GlobalSection(SolutionConfigurationPlatforms) = preSolution
		Debug|Any CPU = Debug|Any CPU
		Release|Any CPU = Release|Any CPU
	EndGlobalSection
	GlobalSection(ProjectConfigurationPlatforms) = postSolution
		{AC74C582-C43E-4B04-A5AF-6C12965A2E52}.Debug|Any CPU.ActiveCfg = Debug|Any CPU
		{AC74C582-C43E-4B04-A5AF-6C12965A2E52}.Debug|Any CPU.Build.0 = Debug|Any CPU
		{AC74C582-C43E-4B04-A5AF-6C12965A2E52}.Release|Any CPU.ActiveCfg = Release|Any CPU
		{AC74C582-C43E-4B04-A5AF-6C12965A2E52}.Release|Any CPU.Build.0 = Release|Any CPU
	EndGlobalSection
	GlobalSection(SolutionProperties) = preSolution
		HideSolutionNode = FALSE
	EndGlobalSection
	GlobalSection(ExtensibilityGlobals) = postSolution
		SolutionGuid = {7ED90261-4E8C-45A1-B5A8-0EB57C9141CC}
	EndGlobalSection
EndGlobal
